{
  "name": "esper-lang-lua",
  "version": "1.0.0",
  "lockfileVersion": 3,
  "requires": true,
  "packages": {
    "": {
      "name": "esper-lang-lua",
      "version": "1.0.0",
      "license": "MIT",
      "dependencies": {
        "lua2js": "0.0.11"
      }
    },
    "node_modules/lua2js": {
      "version": "0.0.11",
      "resolved": "https://registry.npmjs.org/lua2js/-/lua2js-0.0.11.tgz",
      "integrity": "sha512-HysGMmseLbZQVFQhGQkygiBEUdBv8C1p/pk1DJkm9bbhs9+qbbkBbPl7cc+V/DhcXVs8fUK9suRycKQ6GXurWw=="
    }
  }
}
