{
  "name": "esper-lang-coffeescript",
  "version": "1.0.0",
  "lockfileVersion": 3,
  "requires": true,
  "packages": {
    "": {
      "name": "esper-lang-coffeescript",
      "version": "1.0.0",
      "license": "MIT",
      "dependencies": {
        "coffee-script-redux": "git://github.com/basicer/CoffeeScriptRedux"
      }
    },
    "node_modules/abbrev": {
      "version": "1.1.1",
      "resolved": "https://registry.npmjs.org/abbrev/-/abbrev-1.1.1.tgz",
      "integrity": "sha512-nne9/IiQ/hzIhY6pdDnbBtz7DjPTKrY00P/zvPSm5pOFkl6xuGrGnXn/VtTNNfNtAfZ9/1RtehkszU9qcTii0Q=="
    },
    "node_modules/amdefine": {
      "version": "1.0.1",
      "resolved": "https://registry.npmjs.org/amdefine/-/amdefine-1.0.1.tgz",
      "integrity": "sha512-S2Hw0TtNkMJhIabBwIojKL9YHO5T0n5eNqWJ7Lrlel/zDbftQpxpapi8tZs3X1HWa+u+QeydGmzzNU0m09+Rcg==",
      "optional": true,
      "engines": {
        "node": ">=0.4.2"
      }
    },
    "node_modules/coffee-script-redux": {
      "version": "2.0.0-beta9-dev",
      "resolved": "git+ssh://git@github.com/basicer/CoffeeScriptRedux.git#b1c747564a576f3c9d5e414e450d82c6b7bcbad6",
      "license": "3-clause BSD",
      "dependencies": {
        "nopt": "~2.1.2",
        "StringScanner": "~0.0.3"
      },
      "bin": {
        "coffee": "bin/coffee"
      },
      "engines": {
        "node": "0.8.x || 0.10.x"
      },
      "optionalDependencies": {
        "cscodegen": "git+https://github.com/michaelficarra/cscodegen.git#73fd7202ac086c26f18c9d56f025b18b3c6f5383",
        "escodegen": "~1.2.0",
        "esmangle": "~1.0.0",
        "source-map": "0.1.x"
      }
    },
    "node_modules/cscodegen": {
      "version": "0.1.0",
      "resolved": "git+ssh://git@github.com/michaelficarra/cscodegen.git#73fd7202ac086c26f18c9d56f025b18b3c6f5383",
      "integrity": "sha512-vHTv1P5MG0jr1j6AUuYCSYy63cWwKO1q4TD9J3qjyyotiRWG8XjYCKfOlrgwTUpYK9ZcIOyGBlv+WTrQBYZlwQ==",
      "optional": true,
      "bin": {
        "cake": "bin/cscodegen"
      },
      "engines": {
        "node": ">=0.6.0"
      }
    },
    "node_modules/deep-is": {
      "version": "0.1.4",
      "resolved": "https://registry.npmjs.org/deep-is/-/deep-is-0.1.4.tgz",
      "integrity": "sha512-oIPzksmTg4/MriiaYGO+okXDT7ztn/w3Eptv/+gSIdMdKsJo0u4CfYNFJPy+4SKMuCqGw2wxnA+URMg3t8a/bQ==",
      "optional": true
    },
    "node_modules/escodegen": {
      "version": "1.2.0",
      "resolved": "https://registry.npmjs.org/escodegen/-/escodegen-1.2.0.tgz",
      "integrity": "sha512-yLy3Cc+zAC0WSmoT2fig3J87TpQ8UaZGx8ahCAs9FL8qNbyV7CVyPKS74DG4bsHiL5ew9sxdYx131OkBQMFnvA==",
      "optional": true,
      "dependencies": {
        "esprima": "~1.0.4",
        "estraverse": "~1.5.0",
        "esutils": "~1.0.0"
      },
      "bin": {
        "escodegen": "bin/escodegen.js",
        "esgenerate": "bin/esgenerate.js"
      },
      "engines": {
        "node": ">=0.4.0"
      },
      "optionalDependencies": {
        "source-map": "~0.1.30"
      }
    },
    "node_modules/escope": {
      "version": "1.0.3",
      "resolved": "https://registry.npmjs.org/escope/-/escope-1.0.3.tgz",
      "integrity": "sha512-PgST3E92KAnuUX/4PXwpE9RI8jubyyTGIN73mfhl0XP4H+hiA7JqvhXNfffs+naSk41Eipq/klcmoGsCrjxPlQ==",
      "optional": true,
      "dependencies": {
        "estraverse": "^2.0.0"
      },
      "engines": {
        "node": ">=0.4.0"
      }
    },
    "node_modules/escope/node_modules/estraverse": {
      "version": "2.0.0",
      "resolved": "https://registry.npmjs.org/estraverse/-/estraverse-2.0.0.tgz",
      "integrity": "sha512-3liNs3aDBUmf9Hl3YRLqz7Zop0iiTxWaa/ayuxoVS441zjjTPowZJ/uH3y5yhPcXmrLj2rS6Pvu7tfOC7kT61A==",
      "optional": true,
      "engines": {
        "node": ">=0.10.0"
      }
    },
    "node_modules/esmangle": {
      "version": "1.0.1",
      "resolved": "https://registry.npmjs.org/esmangle/-/esmangle-1.0.1.tgz",
      "integrity": "sha512-+vgj0CirCf7fiZ5Cy1VH7ZovC1qh42mB6GBVN3cxLwZgY1CqIvu9xOdDW8il8Y8ym+fiFLCM3crZFku8rBNLOA==",
      "optional": true,
      "dependencies": {
        "escodegen": "~1.3.2",
        "escope": "~1.0.1",
        "esprima": "~1.1.1",
        "esshorten": "~1.1.0",
        "estraverse": "~1.5.0",
        "esutils": "~ 1.0.0",
        "optionator": "~0.3.0",
        "source-map": "~0.1.33"
      },
      "bin": {
        "esmangle": "bin/esmangle.js"
      },
      "engines": {
        "node": ">=0.6.0"
      }
    },
    "node_modules/esmangle/node_modules/escodegen": {
      "version": "1.3.3",
      "resolved": "https://registry.npmjs.org/escodegen/-/escodegen-1.3.3.tgz",
      "integrity": "sha512-z9FWgKc48wjMlpzF5ymKS1AF8OIgnKLp9VyN7KbdtyrP/9lndwUFqCtMm+TAJmJf7KJFFYc4cFJfVTTGkKEwsA==",
      "optional": true,
      "dependencies": {
        "esprima": "~1.1.1",
        "estraverse": "~1.5.0",
        "esutils": "~1.0.0"
      },
      "bin": {
        "escodegen": "bin/escodegen.js",
        "esgenerate": "bin/esgenerate.js"
      },
      "engines": {
        "node": ">=0.10.0"
      },
      "optionalDependencies": {
        "source-map": "~0.1.33"
      }
    },
    "node_modules/esmangle/node_modules/esprima": {
      "version": "1.1.1",
      "resolved": "https://registry.npmjs.org/esprima/-/esprima-1.1.1.tgz",
      "integrity": "sha512-qxxB994/7NtERxgXdFgLHIs9M6bhLXc6qtUmWZ3L8+gTQ9qaoyki2887P2IqAYsoENyr8SUbTutStDniOHSDHg==",
      "optional": true,
      "bin": {
        "esparse": "bin/esparse.js",
        "esvalidate": "bin/esvalidate.js"
      },
      "engines": {
        "node": ">=0.4.0"
      }
    },
    "node_modules/esprima": {
      "version": "1.0.4",
      "resolved": "https://registry.npmjs.org/esprima/-/esprima-1.0.4.tgz",
      "integrity": "sha512-rp5dMKN8zEs9dfi9g0X1ClLmV//WRyk/R15mppFNICIFRG5P92VP7Z04p8pk++gABo9W2tY+kHyu6P1mEHgmTA==",
      "optional": true,
      "bin": {
        "esparse": "bin/esparse.js",
        "esvalidate": "bin/esvalidate.js"
      },
      "engines": {
        "node": ">=0.4.0"
      }
    },
    "node_modules/esshorten": {
      "version": "1.1.1",
      "resolved": "https://registry.npmjs.org/esshorten/-/esshorten-1.1.1.tgz",
      "integrity": "sha512-jvHUQncAuUI/HOzw1a94cGDdgyRUUcVDABU24X2TRb+y4G3ohSllMKjG+ROQVjj5OEVhXYwwsV+OpLOJ63snEA==",
      "optional": true,
      "dependencies": {
        "escope": "~1.0.1",
        "estraverse": "~4.1.1",
        "esutils": "~2.0.2"
      },
      "engines": {
        "node": ">=0.6.0"
      }
    },
    "node_modules/esshorten/node_modules/estraverse": {
      "version": "4.1.1",
      "resolved": "https://registry.npmjs.org/estraverse/-/estraverse-4.1.1.tgz",
      "integrity": "sha512-r3gEa6vc6lGQdrXfo834EaaqnOzYmik8JPg8VB95acIMZRjqaHI0/WMZFoMBGPtS+HCgylwTLoc4Y5yl0owOHQ==",
      "optional": true,
      "engines": {
        "node": ">=0.10.0"
      }
    },
    "node_modules/esshorten/node_modules/esutils": {
      "version": "2.0.3",
      "resolved": "https://registry.npmjs.org/esutils/-/esutils-2.0.3.tgz",
      "integrity": "sha512-kVscqXk4OCp68SZ0dkgEKVi6/8ij300KBWTJq32P/dYeWTSwK41WyTxalN1eRmA5Z9UU/LX9D7FWSmV9SAYx6g==",
      "optional": true,
      "engines": {
        "node": ">=0.10.0"
      }
    },
    "node_modules/estraverse": {
      "version": "1.5.1",
      "resolved": "https://registry.npmjs.org/estraverse/-/estraverse-1.5.1.tgz",
      "integrity": "sha512-FpCjJDfmo3vsc/1zKSeqR5k42tcIhxFIlvq+h9j0fO2q/h2uLKyweq7rYJ+0CoVvrGQOxIS5wyBrW/+vF58BUQ==",
      "optional": true,
      "engines": {
        "node": ">=0.4.0"
      }
    },
    "node_modules/esutils": {
      "version": "1.0.0",
      "resolved": "https://registry.npmjs.org/esutils/-/esutils-1.0.0.tgz",
      "integrity": "sha512-x/iYH53X3quDwfHRz4y8rn4XcEwwCJeWsul9pF1zldMbGtgOtMNBEOuYWwB1EQlK2LRa1fev3YAgym/RElp5Cg==",
      "optional": true,
      "engines": {
        "node": ">=0.10.0"
      }
    },
    "node_modules/fast-levenshtein": {
      "version": "1.0.7",
      "resolved": "https://registry.npmjs.org/fast-levenshtein/-/fast-levenshtein-1.0.7.tgz",
      "integrity": "sha512-hYsfI0s4lfQ2rHVFKXwAr/L/ZSbq9TZwgXtZqW7ANcn9o9GKvcbWxOnxx7jykXf/Ezv1V8TvaBEKcGK7DWKX5A==",
      "optional": true
    },
    "node_modules/levn": {
      "version": "0.2.5",
      "resolved": "https://registry.npmjs.org/levn/-/levn-0.2.5.tgz",
      "integrity": "sha512-mvp+NO++YH0B+e8cC/SvJxk6k5Z9Ngd3iXuz7tmT8vZCyQZj/5SI1GkFOiZGGPkm5wWGI9SUrqiAfPq7BJH+0w==",
      "optional": true,
      "dependencies": {
        "prelude-ls": "~1.1.0",
        "type-check": "~0.3.1"
      },
      "engines": {
        "node": ">= 0.8.0"
      }
    },
    "node_modules/nopt": {
      "version": "2.1.2",
      "resolved": "https://registry.npmjs.org/nopt/-/nopt-2.1.2.tgz",
      "integrity": "sha512-x8vXm7BZ2jE1Txrxh/hO74HTuYZQEbo8edoRcANgdZ4+PCV+pbjd/xdummkmjjC7LU5EjPzlu8zEq/oxWylnKA==",
      "dependencies": {
        "abbrev": "1"
      },
      "bin": {
        "nopt": "bin/nopt.js"
      }
    },
    "node_modules/optionator": {
      "version": "0.3.0",
      "resolved": "https://registry.npmjs.org/optionator/-/optionator-0.3.0.tgz",
      "integrity": "sha512-qM6AKy0HNNRczFIFciGVSkh6H5yu8kC2hdgqElG8pM6IvQwFYVBd3aUrqjsgZtauuGZr2u/Nf+wLzlZgeCqpSQ==",
      "optional": true,
      "dependencies": {
        "deep-is": "~0.1.2",
        "fast-levenshtein": "~1.0.0",
        "levn": "~0.2.4",
        "prelude-ls": "~1.1.0",
        "type-check": "~0.3.1",
        "wordwrap": "~0.0.2"
      },
      "engines": {
        "node": ">= 0.8.0"
      }
    },
    "node_modules/prelude-ls": {
      "version": "1.1.2",
      "resolved": "https://registry.npmjs.org/prelude-ls/-/prelude-ls-1.1.2.tgz",
      "integrity": "sha512-ESF23V4SKG6lVSGZgYNpbsiaAkdab6ZgOxe52p7+Kid3W3u3bxR4Vfd/o21dmN7jSt0IwgZ4v5MUd26FEtXE9w==",
      "optional": true,
      "engines": {
        "node": ">= 0.8.0"
      }
    },
    "node_modules/source-map": {
      "version": "0.1.43",
      "resolved": "https://registry.npmjs.org/source-map/-/source-map-0.1.43.tgz",
      "integrity": "sha512-VtCvB9SIQhk3aF6h+N85EaqIaBFIAfZ9Cu+NJHHVvc8BbEcnvDcFw6sqQ2dQrT6SlOrZq3tIvyD9+EGq/lJryQ==",
      "optional": true,
      "dependencies": {
        "amdefine": ">=0.0.4"
      },
      "engines": {
        "node": ">=0.8.0"
      }
    },
    "node_modules/StringScanner": {
      "version": "0.0.3",
      "resolved": "https://registry.npmjs.org/StringScanner/-/StringScanner-0.0.3.tgz",
      "integrity": "sha512-XIfecMU0+22ixPyNrRaEOWs6eN+BptC1QMzotBf7EL5FuEkOeA74SmnsLUWb1zVanZlnodJDJrX0BChMuXAdYw==",
      "engines": {
        "node": ">=0.6"
      }
    },
    "node_modules/type-check": {
      "version": "0.3.2",
      "resolved": "https://registry.npmjs.org/type-check/-/type-check-0.3.2.tgz",
      "integrity": "sha512-ZCmOJdvOWDBYJlzAoFkC+Q0+bUyEOS1ltgp1MGU03fqHG+dbi9tBFU2Rd9QKiDZFAYrhPh2JUf7rZRIuHRKtOg==",
      "optional": true,
      "dependencies": {
        "prelude-ls": "~1.1.2"
      },
      "engines": {
        "node": ">= 0.8.0"
      }
    },
    "node_modules/wordwrap": {
      "version": "0.0.3",
      "resolved": "https://registry.npmjs.org/wordwrap/-/wordwrap-0.0.3.tgz",
      "integrity": "sha512-1tMA907+V4QmxV7dbRvb4/8MaRALK6q9Abid3ndMYnbyo8piisCmeONVqVSXqQA3KaP4SLt5b7ud6E2sqP8TFw==",
      "optional": true,
      "engines": {
        "node": ">=0.4.0"
      }
    }
  }
}
